
Microsoft Visual Studio Solution File, Format Version 12.00
# Visual Studio Version 16
VisualStudioVersion = 16.0.31229.75
MinimumVisualStudioVersion = 10.0.40219.1
Project("{FAE04EC0-301F-11D3-BF4B-00C04F79EFBC}") = "pedj26", "pedj26\pedj26.csproj", "{83BF2215-5B00-4EC1-AD99-E0F6BF2B13EA}"
EndProject
Global
	GlobalSection(SolutionConfigurationPlatforms) = preSolution
		Debug|Any CPU = Debug|Any CPU
		Release|Any CPU = Release|Any CPU
	EndGlobalSection
	GlobalSection(ProjectConfigurationPlatforms) = postSolution
		{83BF2215-5B00-4EC1-AD99-E0F6BF2B13EA}.Debug|Any CPU.ActiveCfg = Debug|Any CPU
		{83BF2215-5B00-4EC1-AD99-E0F6BF2B13EA}.Debug|Any CPU.Build.0 = Debug|Any CPU
		{83BF2215-5B00-4EC1-AD99-E0F6BF2B13EA}.Release|Any CPU.ActiveCfg = Release|Any CPU
		{83BF2215-5B00-4EC1-AD99-E0F6BF2B13EA}.Release|Any CPU.Build.0 = Release|Any CPU
	EndGlobalSection
	GlobalSection(SolutionProperties) = preSolution
		HideSolutionNode = FALSE
	EndGlobalSection
	GlobalSection(ExtensibilityGlobals) = postSolution
		SolutionGuid = {DC06757C-0E54-4730-A9BD-DE34DE926EAD}
	EndGlobalSection
EndGlobal
